
Microsoft Visual Studio Solution File, Format Version 12.00
# Visual Studio Version 16
VisualStudioVersion = 16.0.32106.194
MinimumVisualStudioVersion = 10.0.40219.1
Project("{FAE04EC0-301F-11D3-BF4B-00C04F79EFBC}") = "ShopApi", "ShopApi\ShopApi.csproj", "{A75A43E0-5EEF-4F15-8506-20BDC336BA84}"
EndProject
Global
	GlobalSection(SolutionConfigurationPlatforms) = preSolution
		Debug|Any CPU = Debug|Any CPU
		Release|Any CPU = Release|Any CPU
	EndGlobalSection
	GlobalSection(ProjectConfigurationPlatforms) = postSolution
		{A75A43E0-5EEF-4F15-8506-20BDC336BA84}.Debug|Any CPU.ActiveCfg = Debug|Any CPU
		{A75A43E0-5EEF-4F15-8506-20BDC336BA84}.Debug|Any CPU.Build.0 = Debug|Any CPU
		{A75A43E0-5EEF-4F15-8506-20BDC336BA84}.Release|Any CPU.ActiveCfg = Release|Any CPU
		{A75A43E0-5EEF-4F15-8506-20BDC336BA84}.Release|Any CPU.Build.0 = Release|Any CPU
	EndGlobalSection
	GlobalSection(SolutionProperties) = preSolution
		HideSolutionNode = FALSE
	EndGlobalSection
	GlobalSection(ExtensibilityGlobals) = postSolution
		SolutionGuid = {8C4169B1-BDF7-4E03-9BC9-7DEF6ED26EFE}
	EndGlobalSection
EndGlobal
